
Microsoft Visual Studio Solution File, Format Version 12.00
# Visual Studio Version 16
VisualStudioVersion = 16.0.31005.135
MinimumVisualStudioVersion = 10.0.40219.1
Project("{FAE04EC0-301F-11D3-BF4B-00C04F79EFBC}") = "Bannerlord.LocalizationParser", "Bannerlord.LocalizationParser.csproj", "{FFF9E454-676C-491F-8C47-862D5EC85CB7}"
EndProject
Global
	GlobalSection(SolutionConfigurationPlatforms) = preSolution
		Debug|Any CPU = Debug|Any CPU
		Release|Any CPU = Release|Any CPU
	EndGlobalSection
	GlobalSection(ProjectConfigurationPlatforms) = postSolution
		{FFF9E454-676C-491F-8C47-862D5EC85CB7}.Debug|Any CPU.ActiveCfg = Debug|Any CPU
		{FFF9E454-676C-491F-8C47-862D5EC85CB7}.Debug|Any CPU.Build.0 = Debug|Any CPU
		{FFF9E454-676C-491F-8C47-862D5EC85CB7}.Release|Any CPU.ActiveCfg = Release|Any CPU
		{FFF9E454-676C-491F-8C47-862D5EC85CB7}.Release|Any CPU.Build.0 = Release|Any CPU
	EndGlobalSection
	GlobalSection(SolutionProperties) = preSolution
		HideSolutionNode = FALSE
	EndGlobalSection
	GlobalSection(ExtensibilityGlobals) = postSolution
		SolutionGuid = {64053D0E-D768-4336-AEFC-38D4882A6ADD}
	EndGlobalSection
EndGlobal
